
Microsoft Visual Studio Solution File, Format Version 12.00
# Visual Studio Version 16
VisualStudioVersion = 16.0.30503.244
MinimumVisualStudioVersion = 10.0.40219.1
Project("{FAE04EC0-301F-11D3-BF4B-00C04F79EFBC}") = "Aula11_IntroducaoWF", "Aula11_IntroducaoWF\Aula11_IntroducaoWF.csproj", "{B3E2BD15-D221-4A14-9AAB-0AA32C5BA797}"
EndProject
Global
	GlobalSection(SolutionConfigurationPlatforms) = preSolution
		Debug|Any CPU = Debug|Any CPU
		Release|Any CPU = Release|Any CPU
	EndGlobalSection
	GlobalSection(ProjectConfigurationPlatforms) = postSolution
		{B3E2BD15-D221-4A14-9AAB-0AA32C5BA797}.Debug|Any CPU.ActiveCfg = Debug|Any CPU
		{B3E2BD15-D221-4A14-9AAB-0AA32C5BA797}.Debug|Any CPU.Build.0 = Debug|Any CPU
		{B3E2BD15-D221-4A14-9AAB-0AA32C5BA797}.Release|Any CPU.ActiveCfg = Release|Any CPU
		{B3E2BD15-D221-4A14-9AAB-0AA32C5BA797}.Release|Any CPU.Build.0 = Release|Any CPU
	EndGlobalSection
	GlobalSection(SolutionProperties) = preSolution
		HideSolutionNode = FALSE
	EndGlobalSection
	GlobalSection(ExtensibilityGlobals) = postSolution
		SolutionGuid = {FEFCFDA9-3B55-46AB-9199-D1F6F00A4170}
	EndGlobalSection
EndGlobal
